
Microsoft Visual Studio Solution File, Format Version 12.00
# Visual Studio 15
VisualStudioVersion = 15.0.26124.0
MinimumVisualStudioVersion = 15.0.26124.0
Project("{FAE04EC0-301F-11D3-BF4B-00C04F79EFBC}") = "MongoDB.Libmongocrypt", "MongoDB.Libmongocrypt\MongoDB.Libmongocrypt.csproj", "{90EA4DBB-69E6-426D-985A-C66D65A2E63A}"
EndProject
Project("{FAE04EC0-301F-11D3-BF4B-00C04F79EFBC}") = "MongoDB.Libmongocrypt.Test", "MongoDB.Libmongocrypt.Test\MongoDB.Libmongocrypt.Test.csproj", "{F2D29C5D-DA83-456D-994F-57AB43EA9470}"
EndProject
Project("{FAE04EC0-301F-11D3-BF4B-00C04F79EFBC}") = "MongoDB.Libmongocrypt.Example", "MongoDB.Libmongocrypt.Example\MongoDB.Libmongocrypt.Example.csproj", "{536E0590-7287-4D73-A5D7-5B8EFD2945B8}"
EndProject
Project("{FAE04EC0-301F-11D3-BF4B-00C04F79EFBC}") = "MongoDB.Libmongocrypt.Test32", "MongoDB.Libmongocrypt.Test32\MongoDB.Libmongocrypt.Test32.csproj", "{EBD0FAFF-4794-4346-9313-A286E278EDA7}"
EndProject
Global
	GlobalSection(SolutionConfigurationPlatforms) = preSolution
		Debug|Any CPU = Debug|Any CPU
		Debug|x64 = Debug|x64
		Debug|x86 = Debug|x86
		Release|Any CPU = Release|Any CPU
		Release|x64 = Release|x64
		Release|x86 = Release|x86
	EndGlobalSection
	GlobalSection(SolutionProperties) = preSolution
		HideSolutionNode = FALSE
	EndGlobalSection
	GlobalSection(ProjectConfigurationPlatforms) = postSolution
		{90EA4DBB-69E6-426D-985A-C66D65A2E63A}.Debug|Any CPU.ActiveCfg = Debug|Any CPU
		{90EA4DBB-69E6-426D-985A-C66D65A2E63A}.Debug|Any CPU.Build.0 = Debug|Any CPU
		{90EA4DBB-69E6-426D-985A-C66D65A2E63A}.Debug|x64.ActiveCfg = Debug|Any CPU
		{90EA4DBB-69E6-426D-985A-C66D65A2E63A}.Debug|x64.Build.0 = Debug|Any CPU
		{90EA4DBB-69E6-426D-985A-C66D65A2E63A}.Debug|x86.ActiveCfg = Debug|Any CPU
		{90EA4DBB-69E6-426D-985A-C66D65A2E63A}.Debug|x86.Build.0 = Debug|Any CPU
		{90EA4DBB-69E6-426D-985A-C66D65A2E63A}.Release|Any CPU.ActiveCfg = Release|Any CPU
		{90EA4DBB-69E6-426D-985A-C66D65A2E63A}.Release|Any CPU.Build.0 = Release|Any CPU
		{90EA4DBB-69E6-426D-985A-C66D65A2E63A}.Release|x64.ActiveCfg = Release|Any CPU
		{90EA4DBB-69E6-426D-985A-C66D65A2E63A}.Release|x64.Build.0 = Release|Any CPU
		{90EA4DBB-69E6-426D-985A-C66D65A2E63A}.Release|x86.ActiveCfg = Release|Any CPU
		{90EA4DBB-69E6-426D-985A-C66D65A2E63A}.Release|x86.Build.0 = Release|Any CPU
		{F2D29C5D-DA83-456D-994F-57AB43EA9470}.Debug|Any CPU.ActiveCfg = Debug|Any CPU
		{F2D29C5D-DA83-456D-994F-57AB43EA9470}.Debug|Any CPU.Build.0 = Debug|Any CPU
		{F2D29C5D-DA83-456D-994F-57AB43EA9470}.Debug|x64.ActiveCfg = Debug|Any CPU
		{F2D29C5D-DA83-456D-994F-57AB43EA9470}.Debug|x64.Build.0 = Debug|Any CPU
		{F2D29C5D-DA83-456D-994F-57AB43EA9470}.Debug|x86.ActiveCfg = Debug|Any CPU
		{F2D29C5D-DA83-456D-994F-57AB43EA9470}.Debug|x86.Build.0 = Debug|Any CPU
		{F2D29C5D-DA83-456D-994F-57AB43EA9470}.Release|Any CPU.ActiveCfg = Release|Any CPU
		{F2D29C5D-DA83-456D-994F-57AB43EA9470}.Release|Any CPU.Build.0 = Release|Any CPU
		{F2D29C5D-DA83-456D-994F-57AB43EA9470}.Release|x64.ActiveCfg = Release|Any CPU
		{F2D29C5D-DA83-456D-994F-57AB43EA9470}.Release|x64.Build.0 = Release|Any CPU
		{F2D29C5D-DA83-456D-994F-57AB43EA9470}.Release|x86.ActiveCfg = Release|Any CPU
		{F2D29C5D-DA83-456D-994F-57AB43EA9470}.Release|x86.Build.0 = Release|Any CPU
		{536E0590-7287-4D73-A5D7-5B8EFD2945B8}.Debug|Any CPU.ActiveCfg = Debug|Any CPU
		{536E0590-7287-4D73-A5D7-5B8EFD2945B8}.Debug|Any CPU.Build.0 = Debug|Any CPU
		{536E0590-7287-4D73-A5D7-5B8EFD2945B8}.Debug|x64.ActiveCfg = Debug|Any CPU
		{536E0590-7287-4D73-A5D7-5B8EFD2945B8}.Debug|x64.Build.0 = Debug|Any CPU
		{536E0590-7287-4D73-A5D7-5B8EFD2945B8}.Debug|x86.ActiveCfg = Debug|Any CPU
		{536E0590-7287-4D73-A5D7-5B8EFD2945B8}.Debug|x86.Build.0 = Debug|Any CPU
		{536E0590-7287-4D73-A5D7-5B8EFD2945B8}.Release|Any CPU.ActiveCfg = Release|Any CPU
		{536E0590-7287-4D73-A5D7-5B8EFD2945B8}.Release|Any CPU.Build.0 = Release|Any CPU
		{536E0590-7287-4D73-A5D7-5B8EFD2945B8}.Release|x64.ActiveCfg = Release|Any CPU
		{536E0590-7287-4D73-A5D7-5B8EFD2945B8}.Release|x64.Build.0 = Release|Any CPU
		{536E0590-7287-4D73-A5D7-5B8EFD2945B8}.Release|x86.ActiveCfg = Release|Any CPU
		{536E0590-7287-4D73-A5D7-5B8EFD2945B8}.Release|x86.Build.0 = Release|Any CPU
		{EBD0FAFF-4794-4346-9313-A286E278EDA7}.Debug|Any CPU.ActiveCfg = Debug|Any CPU
		{EBD0FAFF-4794-4346-9313-A286E278EDA7}.Debug|Any CPU.Build.0 = Debug|Any CPU
		{EBD0FAFF-4794-4346-9313-A286E278EDA7}.Debug|x64.ActiveCfg = Debug|Any CPU
		{EBD0FAFF-4794-4346-9313-A286E278EDA7}.Debug|x64.Build.0 = Debug|Any CPU
		{EBD0FAFF-4794-4346-9313-A286E278EDA7}.Debug|x86.ActiveCfg = Debug|Any CPU
		{EBD0FAFF-4794-4346-9313-A286E278EDA7}.Debug|x86.Build.0 = Debug|Any CPU
		{EBD0FAFF-4794-4346-9313-A286E278EDA7}.Release|Any CPU.ActiveCfg = Release|Any CPU
		{EBD0FAFF-4794-4346-9313-A286E278EDA7}.Release|Any CPU.Build.0 = Release|Any CPU
		{EBD0FAFF-4794-4346-9313-A286E278EDA7}.Release|x64.ActiveCfg = Release|Any CPU
		{EBD0FAFF-4794-4346-9313-A286E278EDA7}.Release|x64.Build.0 = Release|Any CPU
		{EBD0FAFF-4794-4346-9313-A286E278EDA7}.Release|x86.ActiveCfg = Release|Any CPU
		{EBD0FAFF-4794-4346-9313-A286E278EDA7}.Release|x86.Build.0 = Release|Any CPU
	EndGlobalSection
	GlobalSection(ExtensibilityGlobals) = postSolution
		SolutionGuid = {C644578D-7C87-4AC7-A3E2-AA124E0911B1}
	EndGlobalSection
EndGlobal
